PODS:
  - GoogleAds-IMA-iOS-SDK (3.6.1)
  - YouboraAVPlayerAdapter (6.0.2):
    - YouboraLib (~> 6.0.2)
  - YouboraLib (6.0.7)

DEPENDENCIES:
  - GoogleAds-IMA-iOS-SDK (~> 3.6)
  - YouboraAVPlayerAdapter (from `https://NPAWEnrique@bitbucket.org/npaw/avplayer-adapter-ios.git`, commit `c61298b7918bcb3c54bd97b1e63aeebbc8ec4c84`)
  - YouboraLib (from `../lib-plugin-ios`)

EXTERNAL SOURCES:
  YouboraAVPlayerAdapter:
    :commit: c61298b7918bcb3c54bd97b1e63aeebbc8ec4c84
    :git: https://NPAWEnrique@bitbucket.org/npaw/avplayer-adapter-ios.git
  YouboraLib:
    :path: ../lib-plugin-ios

CHECKOUT OPTIONS:
  YouboraAVPlayerAdapter:
    :commit: c61298b7918bcb3c54bd97b1e63aeebbc8ec4c84
    :git: https://NPAWEnrique@bitbucket.org/npaw/avplayer-adapter-ios.git

SPEC CHECKSUMS:
  GoogleAds-IMA-iOS-SDK: 5825cb7d5f6004618527828936a077e118da556e
  YouboraAVPlayerAdapter: b3988b1e1a975f4e4afaf80b0b9c890346f12818
  YouboraLib: c479a7ae08373e778753039a10967acc9381a475

PODFILE CHECKSUM: d5459f05b33b0fcf3fd01f5326337f6350d36343

COCOAPODS: 1.3.1
