PODS:
  - google-cast-sdk (3.2.0):
    - google-cast-sdk/Core (= 3.2.0)
  - google-cast-sdk/Core (3.2.0)
  - GoogleAds-IMA-iOS-SDK (3.12.1)
  - GoogleAds-IMA-tvOS-SDK (4.2.1)
  - YouboraAVPlayerAdapter (6.5.17):
    - YouboraAVPlayerAdapter/Default (= 6.5.17)
    - YouboraLib (~> 6.5.19)
  - YouboraAVPlayerAdapter/Default (6.5.17):
    - YouboraLib (~> 6.5.19)
  - YouboraConfigUtils (1.1.5):
    - YouboraLib (~> 6.5.0)
  - YouboraLib (6.5.31)

DEPENDENCIES:
  - google-cast-sdk (~> 3.2.0)
  - GoogleAds-IMA-iOS-SDK (~> 3.12.1)
  - GoogleAds-IMA-tvOS-SDK (~> 4.2)
  - YouboraAVPlayerAdapter
  - YouboraConfigUtils (~> 1.1.0)
  - YouboraLib (~> 6.5.0)

SPEC REPOS:
  https://github.com/CocoaPods/Specs.git:
    - google-cast-sdk
    - GoogleAds-IMA-tvOS-SDK
    - YouboraAVPlayerAdapter
    - YouboraConfigUtils
  trunk:
    - GoogleAds-IMA-iOS-SDK
    - YouboraLib

SPEC CHECKSUMS:
  google-cast-sdk: f4c2a14214ad486cc26a8f8837e8481c906a0ea8
  GoogleAds-IMA-iOS-SDK: 3c01b8db7d01de6b4a3b1d58744d4bc426a2d821
  GoogleAds-IMA-tvOS-SDK: 2e13f90cdb893de667b12db571e5bed5a6c0ec8c
  YouboraAVPlayerAdapter: 21a1b40a09711bbf87b97f344e381a38b3ae5893
  YouboraConfigUtils: 064689fc7e1c2c5b47d18f7e5e261dea886c4cb8
  YouboraLib: ad566b0e32099e40f4e37fc7f642a803b96e308c

PODFILE CHECKSUM: caa0b66b05e1bec34c09c7e76129bfd54a5cc29a

COCOAPODS: 1.9.3
